<?xml version="1.0" encoding="utf-8"?>
<Project ToolsVersion="4.0" xmlns="http://schemas.microsoft.com/developer/msbuild/2003">
  <ItemGroup>
    <Filter Include="Source Files">
      <UniqueIdentifier>{4FC737F1-C7A5-4376-A066-2A32D752A2FF}</UniqueIdentifier>
      <Extensions>cpp;c;cc;cxx;c++;cppm;ixx;def;odl;idl;hpj;bat;asm;asmx</Extensions>
    </Filter>
    <Filter Include="Header Files">
      <UniqueIdentifier>{93995380-89BD-4b04-88EB-625FBE52EBFB}</UniqueIdentifier>
      <Extensions>h;hh;hpp;hxx;h++;hm;inl;inc;ipp;xsd</Extensions>
    </Filter>
    <Filter Include="Resource Files">
      <UniqueIdentifier>{67DA6AB6-F800-4c08-8B7A-83BB121AAD01}</UniqueIdentifier>
      <Extensions>rc;ico;cur;bmp;dlg;rc2;rct;bin;rgs;gif;jpg;jpeg;jpe;resx;tiff;tif;png;wav;mfcribbon-ms</Extensions>
    </Filter>
    <Filter Include="Header Files\Classes">
      <UniqueIdentifier>{599a33aa-9318-4aae-8d32-45abc8a38f7c}</UniqueIdentifier>
    </Filter>
    <Filter Include="Header Files\Resources">
      <UniqueIdentifier>{ccb5bf31-c6eb-4eb0-9327-772f969f09e5}</UniqueIdentifier>
    </Filter>
    <Filter Include="Header Files\OriginalSource">
      <UniqueIdentifier>{9ff114cc-3baf-4b7c-ae0a-1a28712bd743}</UniqueIdentifier>
    </Filter>
    <Filter Include="Source Files\OriginalSource">
      <UniqueIdentifier>{7fe8016d-2f39-477b-8ed6-51a58ebedf47}</UniqueIdentifier>
    </Filter>
    <Filter Include="Source Files\Classes">
      <UniqueIdentifier>{5c85fd43-bcf8-4a5a-b3bc-c22aed9e311e}</UniqueIdentifier>
    </Filter>
    <Filter Include="Header Files\CTPHeader">
      <UniqueIdentifier>{a8682ac3-a267-4f5f-aa9f-c936f395ad73}</UniqueIdentifier>
    </Filter>
  </ItemGroup>
  <ItemGroup>
    <ClInclude Include="PhoenixCTP.h">
      <Filter>Header Files\OriginalSource</Filter>
    </ClInclude>
    <ClInclude Include="pch.h">
      <Filter>Header Files\OriginalSource</Filter>
    </ClInclude>
    <ClInclude Include="Resource.h">
      <Filter>Header Files\OriginalSource</Filter>
    </ClInclude>
    <ClInclude Include="CMdSpi.h">
      <Filter>Header Files\Classes</Filter>
    </ClInclude>
    <ClInclude Include="MdSpi.h">
      <Filter>Header Files\Classes</Filter>
    </ClInclude>
    <ClInclude Include="MdApi.h">
      <Filter>Header Files\Classes</Filter>
    </ClInclude>
    <ClInclude Include="Delegates.h">
      <Filter>Header Files\Resources</Filter>
    </ClInclude>
    <ClInclude Include="ApiStructs.h">
      <Filter>Header Files\Resources</Filter>
    </ClInclude>
    <ClInclude Include="Functions.h">
      <Filter>Header Files\Resources</Filter>
    </ClInclude>
    <ClInclude Include="EventArgsClasses.h">
      <Filter>Header Files\Resources</Filter>
    </ClInclude>
    <ClInclude Include="TraderApi.h">
      <Filter>Header Files\Classes</Filter>
    </ClInclude>
    <ClInclude Include="TraderSpi.h">
      <Filter>Header Files\Classes</Filter>
    </ClInclude>
    <ClInclude Include="CTraderSpi.h">
      <Filter>Header Files\Classes</Filter>
    </ClInclude>
    <ClInclude Include="ThostFtdcMdApi.h">
      <Filter>Header Files\CTPHeader</Filter>
    </ClInclude>
    <ClInclude Include="ThostFtdcTraderApi.h">
      <Filter>Header Files\CTPHeader</Filter>
    </ClInclude>
    <ClInclude Include="ThostFtdcUserApiDataType.h">
      <Filter>Header Files\CTPHeader</Filter>
    </ClInclude>
    <ClInclude Include="ThostFtdcUserApiStruct.h">
      <Filter>Header Files\CTPHeader</Filter>
    </ClInclude>
  </ItemGroup>
  <ItemGroup>
    <ClCompile Include="AssemblyInfo.cpp">
      <Filter>Source Files\OriginalSource</Filter>
    </ClCompile>
    <ClCompile Include="PhoenixCTP.cpp">
      <Filter>Source Files\OriginalSource</Filter>
    </ClCompile>
    <ClCompile Include="pch.cpp">
      <Filter>Source Files\OriginalSource</Filter>
    </ClCompile>
    <ClCompile Include="CMdSpi.cpp">
      <Filter>Source Files\Classes</Filter>
    </ClCompile>
    <ClCompile Include="MdApi.cpp">
      <Filter>Source Files\Classes</Filter>
    </ClCompile>
    <ClCompile Include="MdSpi.cpp">
      <Filter>Source Files\Classes</Filter>
    </ClCompile>
    <ClCompile Include="TraderApi.cpp">
      <Filter>Source Files\Classes</Filter>
    </ClCompile>
    <ClCompile Include="TraderSpi.cpp">
      <Filter>Source Files\Classes</Filter>
    </ClCompile>
    <ClCompile Include="CTraderSpi.cpp">
      <Filter>Source Files\Classes</Filter>
    </ClCompile>
  </ItemGroup>
  <ItemGroup>
    <ResourceCompile Include="app.rc">
      <Filter>Resource Files</Filter>
    </ResourceCompile>
  </ItemGroup>
  <ItemGroup>
    <Image Include="app.ico">
      <Filter>Resource Files</Filter>
    </Image>
  </ItemGroup>
</Project>